
Microsoft Visual Studio Solution File, Format Version 12.00
# Visual Studio 15
VisualStudioVersion = 15.0.28307.329
MinimumVisualStudioVersion = 10.0.40219.1
Project("{FAE04EC0-301F-11D3-BF4B-00C04F79EFBC}") = "Task_2", "Task_2\Task_2.csproj", "{5141315F-B5CF-42E7-9024-10064488ED00}"
EndProject
Project("{FAE04EC0-301F-11D3-BF4B-00C04F79EFBC}") = "Task_2Test", "Task_2Test\Task_2Test.csproj", "{0E26C8D3-44E3-4DD4-A22D-5B18483E761F}"
EndProject
Global
	GlobalSection(SolutionConfigurationPlatforms) = preSolution
		Debug|Any CPU = Debug|Any CPU
		Release|Any CPU = Release|Any CPU
	EndGlobalSection
	GlobalSection(ProjectConfigurationPlatforms) = postSolution
		{5141315F-B5CF-42E7-9024-10064488ED00}.Debug|Any CPU.ActiveCfg = Debug|Any CPU
		{5141315F-B5CF-42E7-9024-10064488ED00}.Debug|Any CPU.Build.0 = Debug|Any CPU
		{5141315F-B5CF-42E7-9024-10064488ED00}.Release|Any CPU.ActiveCfg = Release|Any CPU
		{5141315F-B5CF-42E7-9024-10064488ED00}.Release|Any CPU.Build.0 = Release|Any CPU
		{0E26C8D3-44E3-4DD4-A22D-5B18483E761F}.Debug|Any CPU.ActiveCfg = Debug|Any CPU
		{0E26C8D3-44E3-4DD4-A22D-5B18483E761F}.Debug|Any CPU.Build.0 = Debug|Any CPU
		{0E26C8D3-44E3-4DD4-A22D-5B18483E761F}.Release|Any CPU.ActiveCfg = Release|Any CPU
		{0E26C8D3-44E3-4DD4-A22D-5B18483E761F}.Release|Any CPU.Build.0 = Release|Any CPU
	EndGlobalSection
	GlobalSection(SolutionProperties) = preSolution
		HideSolutionNode = FALSE
	EndGlobalSection
	GlobalSection(ExtensibilityGlobals) = postSolution
		SolutionGuid = {8BFE7BBF-ED25-432D-B65B-A9194A0D6800}
	EndGlobalSection
EndGlobal
